
Microsoft Visual Studio Solution File, Format Version 12.00
# Visual Studio Version 16
VisualStudioVersion = 16.0.31424.327
MinimumVisualStudioVersion = 10.0.40219.1
Project("{FAE04EC0-301F-11D3-BF4B-00C04F79EFBC}") = "IntroEF", "IntroEF.csproj", "{6665E7FF-792F-4608-BEF1-32B619BF10B5}"
EndProject
Global
	GlobalSection(SolutionConfigurationPlatforms) = preSolution
		Debug|Any CPU = Debug|Any CPU
		Release|Any CPU = Release|Any CPU
	EndGlobalSection
	GlobalSection(ProjectConfigurationPlatforms) = postSolution
		{6665E7FF-792F-4608-BEF1-32B619BF10B5}.Debug|Any CPU.ActiveCfg = Debug|Any CPU
		{6665E7FF-792F-4608-BEF1-32B619BF10B5}.Debug|Any CPU.Build.0 = Debug|Any CPU
		{6665E7FF-792F-4608-BEF1-32B619BF10B5}.Release|Any CPU.ActiveCfg = Release|Any CPU
		{6665E7FF-792F-4608-BEF1-32B619BF10B5}.Release|Any CPU.Build.0 = Release|Any CPU
	EndGlobalSection
	GlobalSection(SolutionProperties) = preSolution
		HideSolutionNode = FALSE
	EndGlobalSection
	GlobalSection(ExtensibilityGlobals) = postSolution
		SolutionGuid = {BA59F4EE-D8C9-452D-960A-35D66F1D7663}
	EndGlobalSection
EndGlobal
